
Microsoft Visual Studio Solution File, Format Version 12.00
# Visual Studio Express 2012 for Windows Desktop
Project("{FAE04EC0-301F-11D3-BF4B-00C04F79EFBC}") = "Lab3", "Lab3.csproj", "{DD65A7E0-4CAA-43D5-ACAA-A8BF267251D3}"
EndProject
Global
	GlobalSection(SolutionConfigurationPlatforms) = preSolution
		Debug|Any CPU = Debug|Any CPU
		Release|Any CPU = Release|Any CPU
	EndGlobalSection
	GlobalSection(ProjectConfigurationPlatforms) = postSolution
		{DD65A7E0-4CAA-43D5-ACAA-A8BF267251D3}.Debug|Any CPU.ActiveCfg = Debug|Any CPU
		{DD65A7E0-4CAA-43D5-ACAA-A8BF267251D3}.Debug|Any CPU.Build.0 = Debug|Any CPU
		{DD65A7E0-4CAA-43D5-ACAA-A8BF267251D3}.Release|Any CPU.ActiveCfg = Release|Any CPU
		{DD65A7E0-4CAA-43D5-ACAA-A8BF267251D3}.Release|Any CPU.Build.0 = Release|Any CPU
	EndGlobalSection
	GlobalSection(SolutionProperties) = preSolution
		HideSolutionNode = FALSE
	EndGlobalSection
EndGlobal
